{
  "version": 4,
  "terraform_version": "1.14.3",
  "serial": 5,
  "lineage": "dfa86717-ab1a-7284-a407-94601e1019ae",
  "outputs": {},
  "resources": [
    {
      "mode": "data",
      "type": "azurerm_client_config",
      "name": "current",
      "provider": "provider[\"registry.terraform.io/hashicorp/azurerm\"]",
      "instances": [
        {
          "schema_version": 0,
          "attributes": {
            "client_id": "04b07795-8ddb-461a-bbee-02f9e1bf7b46",
            "id": "Y2xpZW50Q29uZmlncy9jbGllbnRJZD0wNGIwNzc5NS04ZGRiLTQ2MWEtYmJlZS0wMmY5ZTFiZjdiNDY7b2JqZWN0SWQ9ZWM0YjJkYWQtMDUxMC00ZDZiLWEzMGUtZjBhNWIyNTYwNzJhO3N1YnNjcmlwdGlvbklkPWU1ZTRhZTY5LTEwOTItNDkyYy1iYTZhLTExNjE1MDVkOTcxMTt0ZW5hbnRJZD1iZDY5N2MxYi1jNDgxLTQ3OWMtODQxZS1jNjE4NTQyNjc1YzM=",
            "object_id": "ec4b2dad-0510-4d6b-a30e-f0a5b256072a",
            "subscription_id": "e5e4ae69-1092-492c-ba6a-1161505d9711",
            "tenant_id": "bd697c1b-c481-479c-841e-c618542675c3",
            "timeouts": null
          },
          "sensitive_attributes": [],
          "identity_schema_version": 0
        }
      ]
    },
    {
      "mode": "managed",
      "type": "azurerm_resource_group",
      "name": "rg",
      "provider": "provider[\"registry.terraform.io/hashicorp/azurerm\"]",
      "instances": [
        {
          "schema_version": 0,
          "attributes": {
            "id": "/subscriptions/e5e4ae69-1092-492c-ba6a-1161505d9711/resourceGroups/rg-oslp-prod-001",
            "location": "eastus",
            "managed_by": "",
            "name": "rg-oslp-prod-001",
            "tags": null,
            "timeouts": null
          },
          "sensitive_attributes": [],
          "identity_schema_version": 0,
          "private": "eyJlMmJmYjczMC1lY2FhLTExZTYtOGY4OC0zNDM2M2JjN2M0YzAiOnsiY3JlYXRlIjo1NDAwMDAwMDAwMDAwLCJkZWxldGUiOjU0MDAwMDAwMDAwMDAsInJlYWQiOjMwMDAwMDAwMDAwMCwidXBkYXRlIjo1NDAwMDAwMDAwMDAwfX0="
        }
      ]
    }
  ],
  "check_results": null
}
