{
  "version": 4,
  "terraform_version": "1.14.3",
  "serial": 28,
  "lineage": "bdb89f67-dec6-a667-db5a-b6f6888f08c4",
  "outputs": {
    "acr_name": {
      "value": "acroslpprod003",
      "type": "string"
    },
    "acr_repository": {
      "value": "luxury-shopping",
      "type": "string"
    },
    "azure_resource_group": {
      "value": "rg-oslp-prod-003",
      "type": "string"
    },
    "azure_webapp_name": {
      "value": "app-oslp-prod-003",
      "type": "string"
    }
  },
  "resources": [
    {
      "mode": "data",
      "type": "azurerm_client_config",
      "name": "current",
      "provider": "provider[\"registry.terraform.io/hashicorp/azurerm\"]",
      "instances": [
        {
          "schema_version": 0,
          "attributes": {
            "client_id": "04b07795-8ddb-461a-bbee-02f9e1bf7b46",
            "id": "Y2xpZW50Q29uZmlncy9jbGllbnRJZD0wNGIwNzc5NS04ZGRiLTQ2MWEtYmJlZS0wMmY5ZTFiZjdiNDY7b2JqZWN0SWQ9N2M5ODcwYjUtMjI2Ny00Y2MxLTk2MmMtMmUyMjlhZTIxMDE2O3N1YnNjcmlwdGlvbklkPTViMTI0MTdjLTM2ZmUtNDUzYS05OTVmLTIwZDU2MjRmOWM1ODt0ZW5hbnRJZD01YmE1ZWY1ZS0zMTA5LTRlNzctODViZC1jZmViMGQzNDdlODI=",
            "object_id": "7c9870b5-2267-4cc1-962c-2e229ae21016",
            "subscription_id": "5b12417c-36fe-453a-995f-20d5624f9c58",
            "tenant_id": "5ba5ef5e-3109-4e77-85bd-cfeb0d347e82",
            "timeouts": null
          },
          "sensitive_attributes": [],
          "identity_schema_version": 0
        }
      ]
    },
    {
      "mode": "managed",
      "type": "azurerm_resource_group",
      "name": "rg",
      "provider": "provider[\"registry.terraform.io/hashicorp/azurerm\"]",
      "instances": [
        {
          "schema_version": 0,
          "attributes": {
            "id": "/subscriptions/5b12417c-36fe-453a-995f-20d5624f9c58/resourceGroups/rg-oslp-prod-002",
            "location": "southeastasia",
            "managed_by": "",
            "name": "rg-oslp-prod-002",
            "tags": {},
            "timeouts": null
          },
          "sensitive_attributes": [],
          "identity_schema_version": 0,
          "private": "eyJlMmJmYjczMC1lY2FhLTExZTYtOGY4OC0zNDM2M2JjN2M0YzAiOnsiY3JlYXRlIjo1NDAwMDAwMDAwMDAwLCJkZWxldGUiOjU0MDAwMDAwMDAwMDAsInJlYWQiOjMwMDAwMDAwMDAwMCwidXBkYXRlIjo1NDAwMDAwMDAwMDAwfX0="
        }
      ]
    },
    {
      "mode": "managed",
      "type": "azurerm_subnet",
      "name": "compute_subnet",
      "provider": "provider[\"registry.terraform.io/hashicorp/azurerm\"]",
      "instances": [
        {
          "schema_version": 0,
          "attributes": {
            "address_prefixes": [
              "10.0.2.0/24"
            ],
            "default_outbound_access_enabled": true,
            "delegation": [],
            "enforce_private_link_endpoint_network_policies": false,
            "enforce_private_link_service_network_policies": false,
            "id": "/subscriptions/5b12417c-36fe-453a-995f-20d5624f9c58/resourceGroups/rg-oslp-prod-002/providers/Microsoft.Network/virtualNetworks/vnet-oslp-prod-001/subnets/snet-compute",
            "name": "snet-compute",
            "private_endpoint_network_policies": "Enabled",
            "private_endpoint_network_policies_enabled": true,
            "private_link_service_network_policies_enabled": true,
            "resource_group_name": "rg-oslp-prod-002",
            "service_endpoint_policy_ids": [],
            "service_endpoints": [],
            "timeouts": null,
            "virtual_network_name": "vnet-oslp-prod-001"
          },
          "sensitive_attributes": [],
          "identity_schema_version": 0,
          "private": "eyJlMmJmYjczMC1lY2FhLTExZTYtOGY4OC0zNDM2M2JjN2M0YzAiOnsiY3JlYXRlIjoxODAwMDAwMDAwMDAwLCJkZWxldGUiOjE4MDAwMDAwMDAwMDAsInJlYWQiOjMwMDAwMDAwMDAwMCwidXBkYXRlIjoxODAwMDAwMDAwMDAwfX0=",
          "dependencies": [
            "azurerm_resource_group.rg",
            "azurerm_virtual_network.vnet"
          ]
        }
      ]
    },
    {
      "mode": "managed",
      "type": "azurerm_virtual_network",
      "name": "vnet",
      "provider": "provider[\"registry.terraform.io/hashicorp/azurerm\"]",
      "instances": [
        {
          "schema_version": 0,
          "attributes": {
            "address_space": [
              "10.0.0.0/16"
            ],
            "bgp_community": "",
            "ddos_protection_plan": [],
            "dns_servers": [],
            "edge_zone": "",
            "encryption": [],
            "flow_timeout_in_minutes": 0,
            "guid": "cfa46de0-70aa-4d8d-8589-56d7715e5cdb",
            "id": "/subscriptions/5b12417c-36fe-453a-995f-20d5624f9c58/resourceGroups/rg-oslp-prod-002/providers/Microsoft.Network/virtualNetworks/vnet-oslp-prod-001",
            "location": "southeastasia",
            "name": "vnet-oslp-prod-001",
            "resource_group_name": "rg-oslp-prod-002",
            "subnet": [
              {
                "address_prefix": "10.0.2.0/24",
                "id": "/subscriptions/5b12417c-36fe-453a-995f-20d5624f9c58/resourceGroups/rg-oslp-prod-002/providers/Microsoft.Network/virtualNetworks/vnet-oslp-prod-001/subnets/snet-compute",
                "name": "snet-compute",
                "security_group": ""
              }
            ],
            "tags": {},
            "timeouts": null
          },
          "sensitive_attributes": [],
          "identity_schema_version": 0,
          "private": "eyJlMmJmYjczMC1lY2FhLTExZTYtOGY4OC0zNDM2M2JjN2M0YzAiOnsiY3JlYXRlIjoxODAwMDAwMDAwMDAwLCJkZWxldGUiOjE4MDAwMDAwMDAwMDAsInJlYWQiOjMwMDAwMDAwMDAwMCwidXBkYXRlIjoxODAwMDAwMDAwMDAwfX0=",
          "dependencies": [
            "azurerm_resource_group.rg"
          ]
        }
      ]
    }
  ],
  "check_results": null
}
